
Microsoft Visual Studio Solution File, Format Version 12.00
# Visual Studio Version 16
VisualStudioVersion = 16.0.33529.622
MinimumVisualStudioVersion = 10.0.40219.1
Project("{FAE04EC0-301F-11D3-BF4B-00C04F79EFBC}") = "Cật nhật tài khoản", "Cật nhật tài khoản\Cật nhật tài khoản.csproj", "{F8BCECFB-0011-4C5E-9E5F-665A0B8C5D1B}"
EndProject
Global
	GlobalSection(SolutionConfigurationPlatforms) = preSolution
		Debug|Any CPU = Debug|Any CPU
		Release|Any CPU = Release|Any CPU
	EndGlobalSection
	GlobalSection(ProjectConfigurationPlatforms) = postSolution
		{F8BCECFB-0011-4C5E-9E5F-665A0B8C5D1B}.Debug|Any CPU.ActiveCfg = Debug|Any CPU
		{F8BCECFB-0011-4C5E-9E5F-665A0B8C5D1B}.Debug|Any CPU.Build.0 = Debug|Any CPU
		{F8BCECFB-0011-4C5E-9E5F-665A0B8C5D1B}.Release|Any CPU.ActiveCfg = Release|Any CPU
		{F8BCECFB-0011-4C5E-9E5F-665A0B8C5D1B}.Release|Any CPU.Build.0 = Release|Any CPU
	EndGlobalSection
	GlobalSection(SolutionProperties) = preSolution
		HideSolutionNode = FALSE
	EndGlobalSection
	GlobalSection(ExtensibilityGlobals) = postSolution
		SolutionGuid = {59CC2D57-B89F-4042-B078-6E07EB542516}
	EndGlobalSection
EndGlobal
